PODS:
  - Alamofire (4.5.1)
  - SwiftyJSON (4.1.0)

DEPENDENCIES:
  - Alamofire (~> 4.5)
  - SwiftyJSON (from `https://github.com/SwiftyJSON/SwiftyJSON.git`)

SPEC REPOS:
  https://github.com/cocoapods/specs.git:
    - Alamofire

EXTERNAL SOURCES:
  SwiftyJSON:
    :git: https://github.com/SwiftyJSON/SwiftyJSON.git

CHECKOUT OPTIONS:
  SwiftyJSON:
    :commit: b93c5d2bd883959262b4c7aabe333667dadb1ab0
    :git: https://github.com/SwiftyJSON/SwiftyJSON.git

SPEC CHECKSUMS:
  Alamofire: 2d95912bf4c34f164fdfc335872e8c312acaea4a
  SwiftyJSON: c29297daf073d2aa016295d5809cdd68045c39b3

PODFILE CHECKSUM: 56a2532c5f1d7b26a1bff7cc4b21d6457ccda4fc

COCOAPODS: 1.5.3
