PODS:
  - Alamofire (4.9.1)
  - Instabug (10.8.0)
  - SwiftyJSON (5.0.1)

DEPENDENCIES:
  - Alamofire (~> 4.5)
  - Instabug
  - SwiftyJSON (from `https://github.com/SwiftyJSON/SwiftyJSON.git`)

SPEC REPOS:
  https://github.com/CocoaPods/Specs.git:
    - Alamofire
    - Instabug

EXTERNAL SOURCES:
  SwiftyJSON:
    :git: https://github.com/SwiftyJSON/SwiftyJSON.git

CHECKOUT OPTIONS:
  SwiftyJSON:
    :commit: b3dcd7dbd0d488e1a7077cb33b00f2083e382f07
    :git: https://github.com/SwiftyJSON/SwiftyJSON.git

SPEC CHECKSUMS:
  Alamofire: 85e8a02c69d6020a0d734f6054870d7ecb75cf18
  Instabug: e40852b1ed4a080e32442b189808ddefcd07701d
  SwiftyJSON: 2f33a42c6fbc52764d96f13368585094bfd8aa5e

PODFILE CHECKSUM: e0b3fbdf63ba96be6eb062cafe0df3b07e032f1f

COCOAPODS: 1.10.1
