// !$*UTF8*$!
{
	archiveVersion = 1;
	classes = {
	};
	objectVersion = 48;
	objects = {

/* Begin PBXBuildFile section */
		07109E01226A02B40038A414 /* placeholder.jpg in Resources */ = {isa = PBXBuildFile; fileRef = 07109E00226A02B40038A414 /* placeholder.jpg */; };
		071B2BB72104712D0096A57C /* NewsFeedCell.xib in Resources */ = {isa = PBXBuildFile; fileRef = 071B2BB62104712D0096A57C /* NewsFeedCell.xib */; };
		071B9F2F21176E1800EF6404 /* CustomSegmentedControl.swift in Sources */ = {isa = PBXBuildFile; fileRef = 071B9F2E21176E1800EF6404 /* CustomSegmentedControl.swift */; };
		071B9F3221189E9C00EF6404 /* DivisionCell.swift in Sources */ = {isa = PBXBuildFile; fileRef = 071B9F3021189E9C00EF6404 /* DivisionCell.swift */; };
		071B9F3321189E9C00EF6404 /* DivisionCell.xib in Resources */ = {isa = PBXBuildFile; fileRef = 071B9F3121189E9C00EF6404 /* DivisionCell.xib */; };
		071B9F3621189EE500EF6404 /* FederationCell.swift in Sources */ = {isa = PBXBuildFile; fileRef = 071B9F3421189EE500EF6404 /* FederationCell.swift */; };
		071B9F3721189EE500EF6404 /* FederationCell.xib in Resources */ = {isa = PBXBuildFile; fileRef = 071B9F3521189EE500EF6404 /* FederationCell.xib */; };
		071B9F3C211A21D000EF6404 /* Logos.xcassets in Resources */ = {isa = PBXBuildFile; fileRef = 071B9F3B211A21D000EF6404 /* Logos.xcassets */; };
		071B9F3E211A415100EF6404 /* UIImage+Blur.swift in Sources */ = {isa = PBXBuildFile; fileRef = 071B9F3D211A415100EF6404 /* UIImage+Blur.swift */; };
		071C377620EF1AB5002CA348 /* AppServerClient.swift in Sources */ = {isa = PBXBuildFile; fileRef = 071C377520EF1AB5002CA348 /* AppServerClient.swift */; };
		071C377820EF39CA002CA348 /* Article.swift in Sources */ = {isa = PBXBuildFile; fileRef = 071C377720EF39CA002CA348 /* Article.swift */; };
		071C377A20EF74E7002CA348 /* NewsFeedVM.swift in Sources */ = {isa = PBXBuildFile; fileRef = 071C377920EF74E7002CA348 /* NewsFeedVM.swift */; };
		071C377C20EF7516002CA348 /* Bindable.swift in Sources */ = {isa = PBXBuildFile; fileRef = 071C377B20EF7516002CA348 /* Bindable.swift */; };
		071C377E20EF7C7E002CA348 /* NewsFeedCell.swift in Sources */ = {isa = PBXBuildFile; fileRef = 071C377D20EF7C7E002CA348 /* NewsFeedCell.swift */; };
		071C378020EF82C8002CA348 /* NewsFeedCellVM.swift in Sources */ = {isa = PBXBuildFile; fileRef = 071C377F20EF82C8002CA348 /* NewsFeedCellVM.swift */; };
		071C378720F0020B002CA348 /* PanelCell.swift in Sources */ = {isa = PBXBuildFile; fileRef = 071C378620F0020B002CA348 /* PanelCell.swift */; };
		07208C9F211C3834009D9A5C /* FighterVC.swift in Sources */ = {isa = PBXBuildFile; fileRef = 07208C9E211C3834009D9A5C /* FighterVC.swift */; };
		0727823E20E6FB520071D528 /* AppDelegate.swift in Sources */ = {isa = PBXBuildFile; fileRef = 0727823D20E6FB520071D528 /* AppDelegate.swift */; };
		0727824020E6FB520071D528 /* NewsFeedVC.swift in Sources */ = {isa = PBXBuildFile; fileRef = 0727823F20E6FB520071D528 /* NewsFeedVC.swift */; };
		0727824320E6FB520071D528 /* Main.storyboard in Resources */ = {isa = PBXBuildFile; fileRef = 0727824120E6FB520071D528 /* Main.storyboard */; };
		0727824520E6FB520071D528 /* Assets.xcassets in Resources */ = {isa = PBXBuildFile; fileRef = 0727824420E6FB520071D528 /* Assets.xcassets */; };
		0727824820E6FB520071D528 /* LaunchScreen.storyboard in Resources */ = {isa = PBXBuildFile; fileRef = 0727824620E6FB520071D528 /* LaunchScreen.storyboard */; };
		0727825320E6FB520071D528 /* Boxing_247Tests.swift in Sources */ = {isa = PBXBuildFile; fileRef = 0727825220E6FB520071D528 /* Boxing_247Tests.swift */; };
		0727825E20E6FB520071D528 /* Boxing_247UITests.swift in Sources */ = {isa = PBXBuildFile; fileRef = 0727825D20E6FB520071D528 /* Boxing_247UITests.swift */; };
		0727826D20E6FB9C0071D528 /* .gitignore in Resources */ = {isa = PBXBuildFile; fileRef = 0727826C20E6FB9C0071D528 /* .gitignore */; };
		0727826F20E84C9D0071D528 /* ContainerVC.swift in Sources */ = {isa = PBXBuildFile; fileRef = 0727826E20E84C9D0071D528 /* ContainerVC.swift */; };
		072B899F22592D8A00973942 /* 247ViewController.swift in Sources */ = {isa = PBXBuildFile; fileRef = 072B899E22592D8A00973942 /* 247ViewController.swift */; };
		072B89A12259ED8700973942 /* NavigationPanelVM.swift in Sources */ = {isa = PBXBuildFile; fileRef = 072B89A02259ED8700973942 /* NavigationPanelVM.swift */; };
		077CE82F20E8CC5C00462AED /* NavigationPanelVC.swift in Sources */ = {isa = PBXBuildFile; fileRef = 077CE82E20E8CC5C00462AED /* NavigationPanelVC.swift */; };
		077CE83120E8CD1A00462AED /* NavigationPanelVCDelegate.swift in Sources */ = {isa = PBXBuildFile; fileRef = 077CE83020E8CD1A00462AED /* NavigationPanelVCDelegate.swift */; };
		07C999782197404400E24E61 /* WeightDivisionCell.swift in Sources */ = {isa = PBXBuildFile; fileRef = 07C999762197404400E24E61 /* WeightDivisionCell.swift */; };
		07C999792197404400E24E61 /* WeightDivisionCell.xib in Resources */ = {isa = PBXBuildFile; fileRef = 07C999772197404400E24E61 /* WeightDivisionCell.xib */; };
		07DE4CE42107979700730457 /* Date+TimeAgo.swift in Sources */ = {isa = PBXBuildFile; fileRef = 07DE4CE32107979700730457 /* Date+TimeAgo.swift */; };
		07DE4CEA2108846700730457 /* RoundedUIView.swift in Sources */ = {isa = PBXBuildFile; fileRef = 07DE4CE92108846700730457 /* RoundedUIView.swift */; };
		07DE4CEC210B883900730457 /* Constants.swift in Sources */ = {isa = PBXBuildFile; fileRef = 07DE4CEB210B883900730457 /* Constants.swift */; };
		07F96274211316ED006E0010 /* WeightDivisionVC.swift in Sources */ = {isa = PBXBuildFile; fileRef = 07F96273211316ED006E0010 /* WeightDivisionVC.swift */; };
		2CFBC2AF4839E201B48998A1 /* Pods_Boxing_247Tests.framework in Frameworks */ = {isa = PBXBuildFile; fileRef = 9CBED1198E9968A585BBE24B /* Pods_Boxing_247Tests.framework */; };
		7A6646AC0C87FDEAA07EE106 /* Pods_Boxing_247.framework in Frameworks */ = {isa = PBXBuildFile; fileRef = EE7578F102F527955BD3063C /* Pods_Boxing_247.framework */; };
		9F8029E8E36255C3D08D9FEE /* Pods_Boxing_247UITests.framework in Frameworks */ = {isa = PBXBuildFile; fileRef = 68F71B7ED58A081BD490D4CF /* Pods_Boxing_247UITests.framework */; };
/* End PBXBuildFile section */

/* Begin PBXContainerItemProxy section */
		0727824F20E6FB520071D528 /* PBXContainerItemProxy */ = {
			isa = PBXContainerItemProxy;
			containerPortal = 0727823220E6FB520071D528 /* Project object */;
			proxyType = 1;
			remoteGlobalIDString = 0727823920E6FB520071D528;
			remoteInfo = "Boxing 247";
		};
		0727825A20E6FB520071D528 /* PBXContainerItemProxy */ = {
			isa = PBXContainerItemProxy;
			containerPortal = 0727823220E6FB520071D528 /* Project object */;
			proxyType = 1;
			remoteGlobalIDString = 0727823920E6FB520071D528;
			remoteInfo = "Boxing 247";
		};
/* End PBXContainerItemProxy section */

/* Begin PBXFileReference section */
		07109E00226A02B40038A414 /* placeholder.jpg */ = {isa = PBXFileReference; lastKnownFileType = image.jpeg; path = placeholder.jpg; sourceTree = "<group>"; };
		071B2BB62104712D0096A57C /* NewsFeedCell.xib */ = {isa = PBXFileReference; lastKnownFileType = file.xib; path = NewsFeedCell.xib; sourceTree = "<group>"; };
		071B9F2E21176E1800EF6404 /* CustomSegmentedControl.swift */ = {isa = PBXFileReference; lastKnownFileType = sourcecode.swift; path = CustomSegmentedControl.swift; sourceTree = "<group>"; };
		071B9F3021189E9C00EF6404 /* DivisionCell.swift */ = {isa = PBXFileReference; lastKnownFileType = sourcecode.swift; path = DivisionCell.swift; sourceTree = "<group>"; };
		071B9F3121189E9C00EF6404 /* DivisionCell.xib */ = {isa = PBXFileReference; lastKnownFileType = file.xib; path = DivisionCell.xib; sourceTree = "<group>"; };
		071B9F3421189EE500EF6404 /* FederationCell.swift */ = {isa = PBXFileReference; lastKnownFileType = sourcecode.swift; path = FederationCell.swift; sourceTree = "<group>"; };
		071B9F3521189EE500EF6404 /* FederationCell.xib */ = {isa = PBXFileReference; lastKnownFileType = file.xib; path = FederationCell.xib; sourceTree = "<group>"; };
		071B9F3B211A21D000EF6404 /* Logos.xcassets */ = {isa = PBXFileReference; lastKnownFileType = folder.assetcatalog; path = Logos.xcassets; sourceTree = "<group>"; };
		071B9F3D211A415100EF6404 /* UIImage+Blur.swift */ = {isa = PBXFileReference; lastKnownFileType = sourcecode.swift; path = "UIImage+Blur.swift"; sourceTree = "<group>"; };
		071C377520EF1AB5002CA348 /* AppServerClient.swift */ = {isa = PBXFileReference; lastKnownFileType = sourcecode.swift; path = AppServerClient.swift; sourceTree = "<group>"; };
		071C377720EF39CA002CA348 /* Article.swift */ = {isa = PBXFileReference; lastKnownFileType = sourcecode.swift; path = Article.swift; sourceTree = "<group>"; };
		071C377920EF74E7002CA348 /* NewsFeedVM.swift */ = {isa = PBXFileReference; lastKnownFileType = sourcecode.swift; path = NewsFeedVM.swift; sourceTree = "<group>"; };
		071C377B20EF7516002CA348 /* Bindable.swift */ = {isa = PBXFileReference; lastKnownFileType = sourcecode.swift; path = Bindable.swift; sourceTree = "<group>"; };
		071C377D20EF7C7E002CA348 /* NewsFeedCell.swift */ = {isa = PBXFileReference; lastKnownFileType = sourcecode.swift; path = NewsFeedCell.swift; sourceTree = "<group>"; };
		071C377F20EF82C8002CA348 /* NewsFeedCellVM.swift */ = {isa = PBXFileReference; lastKnownFileType = sourcecode.swift; path = NewsFeedCellVM.swift; sourceTree = "<group>"; };
		071C378620F0020B002CA348 /* PanelCell.swift */ = {isa = PBXFileReference; lastKnownFileType = sourcecode.swift; path = PanelCell.swift; sourceTree = "<group>"; };
		07208C9E211C3834009D9A5C /* FighterVC.swift */ = {isa = PBXFileReference; lastKnownFileType = sourcecode.swift; path = FighterVC.swift; sourceTree = "<group>"; };
		0727823A20E6FB520071D528 /* Boxing 247.app */ = {isa = PBXFileReference; explicitFileType = wrapper.application; includeInIndex = 0; path = "Boxing 247.app"; sourceTree = BUILT_PRODUCTS_DIR; };
		0727823D20E6FB520071D528 /* AppDelegate.swift */ = {isa = PBXFileReference; lastKnownFileType = sourcecode.swift; path = AppDelegate.swift; sourceTree = "<group>"; };
		0727823F20E6FB520071D528 /* NewsFeedVC.swift */ = {isa = PBXFileReference; lastKnownFileType = sourcecode.swift; path = NewsFeedVC.swift; sourceTree = "<group>"; };
		0727824220E6FB520071D528 /* Base */ = {isa = PBXFileReference; lastKnownFileType = file.storyboard; name = Base; path = Base.lproj/Main.storyboard; sourceTree = "<group>"; };
		0727824420E6FB520071D528 /* Assets.xcassets */ = {isa = PBXFileReference; lastKnownFileType = folder.assetcatalog; path = Assets.xcassets; sourceTree = "<group>"; };
		0727824720E6FB520071D528 /* Base */ = {isa = PBXFileReference; lastKnownFileType = file.storyboard; name = Base; path = Base.lproj/LaunchScreen.storyboard; sourceTree = "<group>"; };
		0727824920E6FB520071D528 /* Info.plist */ = {isa = PBXFileReference; lastKnownFileType = text.plist.xml; path = Info.plist; sourceTree = "<group>"; };
		0727824E20E6FB520071D528 /* Boxing 247Tests.xctest */ = {isa = PBXFileReference; explicitFileType = wrapper.cfbundle; includeInIndex = 0; path = "Boxing 247Tests.xctest"; sourceTree = BUILT_PRODUCTS_DIR; };
		0727825220E6FB520071D528 /* Boxing_247Tests.swift */ = {isa = PBXFileReference; lastKnownFileType = sourcecode.swift; path = Boxing_247Tests.swift; sourceTree = "<group>"; };
		0727825420E6FB520071D528 /* Info.plist */ = {isa = PBXFileReference; lastKnownFileType = text.plist.xml; path = Info.plist; sourceTree = "<group>"; };
		0727825920E6FB520071D528 /* Boxing 247UITests.xctest */ = {isa = PBXFileReference; explicitFileType = wrapper.cfbundle; includeInIndex = 0; path = "Boxing 247UITests.xctest"; sourceTree = BUILT_PRODUCTS_DIR; };
		0727825D20E6FB520071D528 /* Boxing_247UITests.swift */ = {isa = PBXFileReference; lastKnownFileType = sourcecode.swift; path = Boxing_247UITests.swift; sourceTree = "<group>"; };
		0727825F20E6FB520071D528 /* Info.plist */ = {isa = PBXFileReference; lastKnownFileType = text.plist.xml; path = Info.plist; sourceTree = "<group>"; };
		0727826C20E6FB9C0071D528 /* .gitignore */ = {isa = PBXFileReference; lastKnownFileType = text; path = .gitignore; sourceTree = "<group>"; };
		0727826E20E84C9D0071D528 /* ContainerVC.swift */ = {isa = PBXFileReference; lastKnownFileType = sourcecode.swift; path = ContainerVC.swift; sourceTree = "<group>"; };
		072B899E22592D8A00973942 /* 247ViewController.swift */ = {isa = PBXFileReference; lastKnownFileType = sourcecode.swift; path = 247ViewController.swift; sourceTree = "<group>"; };
		072B89A02259ED8700973942 /* NavigationPanelVM.swift */ = {isa = PBXFileReference; lastKnownFileType = sourcecode.swift; path = NavigationPanelVM.swift; sourceTree = "<group>"; };
		077CE82E20E8CC5C00462AED /* NavigationPanelVC.swift */ = {isa = PBXFileReference; lastKnownFileType = sourcecode.swift; path = NavigationPanelVC.swift; sourceTree = "<group>"; };
		077CE83020E8CD1A00462AED /* NavigationPanelVCDelegate.swift */ = {isa = PBXFileReference; lastKnownFileType = sourcecode.swift; path = NavigationPanelVCDelegate.swift; sourceTree = "<group>"; };
		07C999762197404400E24E61 /* WeightDivisionCell.swift */ = {isa = PBXFileReference; fileEncoding = 4; lastKnownFileType = sourcecode.swift; path = WeightDivisionCell.swift; sourceTree = "<group>"; };
		07C999772197404400E24E61 /* WeightDivisionCell.xib */ = {isa = PBXFileReference; fileEncoding = 4; lastKnownFileType = file.xib; path = WeightDivisionCell.xib; sourceTree = "<group>"; };
		07DE4CE32107979700730457 /* Date+TimeAgo.swift */ = {isa = PBXFileReference; lastKnownFileType = sourcecode.swift; path = "Date+TimeAgo.swift"; sourceTree = "<group>"; };
		07DE4CE92108846700730457 /* RoundedUIView.swift */ = {isa = PBXFileReference; lastKnownFileType = sourcecode.swift; path = RoundedUIView.swift; sourceTree = "<group>"; };
		07DE4CEB210B883900730457 /* Constants.swift */ = {isa = PBXFileReference; lastKnownFileType = sourcecode.swift; path = Constants.swift; sourceTree = "<group>"; };
		07F96273211316ED006E0010 /* WeightDivisionVC.swift */ = {isa = PBXFileReference; lastKnownFileType = sourcecode.swift; path = WeightDivisionVC.swift; sourceTree = "<group>"; };
		1420D11ACB3F09770796B01D /* Pods-Boxing 247UITests.release.xcconfig */ = {isa = PBXFileReference; includeInIndex = 1; lastKnownFileType = text.xcconfig; name = "Pods-Boxing 247UITests.release.xcconfig"; path = "Pods/Target Support Files/Pods-Boxing 247UITests/Pods-Boxing 247UITests.release.xcconfig"; sourceTree = "<group>"; };
		2C716950DE0EAFD75088DE26 /* Pods-Boxing 247UITests.debug.xcconfig */ = {isa = PBXFileReference; includeInIndex = 1; lastKnownFileType = text.xcconfig; name = "Pods-Boxing 247UITests.debug.xcconfig"; path = "Pods/Target Support Files/Pods-Boxing 247UITests/Pods-Boxing 247UITests.debug.xcconfig"; sourceTree = "<group>"; };
		2EE16E0F3F43C9587A4BBE1F /* Pods-Boxing 247.release.xcconfig */ = {isa = PBXFileReference; includeInIndex = 1; lastKnownFileType = text.xcconfig; name = "Pods-Boxing 247.release.xcconfig"; path = "Pods/Target Support Files/Pods-Boxing 247/Pods-Boxing 247.release.xcconfig"; sourceTree = "<group>"; };
		68F71B7ED58A081BD490D4CF /* Pods_Boxing_247UITests.framework */ = {isa = PBXFileReference; explicitFileType = wrapper.framework; includeInIndex = 0; path = Pods_Boxing_247UITests.framework; sourceTree = BUILT_PRODUCTS_DIR; };
		9CBED1198E9968A585BBE24B /* Pods_Boxing_247Tests.framework */ = {isa = PBXFileReference; explicitFileType = wrapper.framework; includeInIndex = 0; path = Pods_Boxing_247Tests.framework; sourceTree = BUILT_PRODUCTS_DIR; };
		B0FECDE0CD3B8AE74ADFCB3A /* Pods-Boxing 247Tests.release.xcconfig */ = {isa = PBXFileReference; includeInIndex = 1; lastKnownFileType = text.xcconfig; name = "Pods-Boxing 247Tests.release.xcconfig"; path = "Pods/Target Support Files/Pods-Boxing 247Tests/Pods-Boxing 247Tests.release.xcconfig"; sourceTree = "<group>"; };
		BAC4A4151CAA5088C92E999B /* Pods-Boxing 247.debug.xcconfig */ = {isa = PBXFileReference; includeInIndex = 1; lastKnownFileType = text.xcconfig; name = "Pods-Boxing 247.debug.xcconfig"; path = "Pods/Target Support Files/Pods-Boxing 247/Pods-Boxing 247.debug.xcconfig"; sourceTree = "<group>"; };
		CF091F5DFFECD056D4C6644D /* Pods-Boxing 247Tests.debug.xcconfig */ = {isa = PBXFileReference; includeInIndex = 1; lastKnownFileType = text.xcconfig; name = "Pods-Boxing 247Tests.debug.xcconfig"; path = "Pods/Target Support Files/Pods-Boxing 247Tests/Pods-Boxing 247Tests.debug.xcconfig"; sourceTree = "<group>"; };
		EE7578F102F527955BD3063C /* Pods_Boxing_247.framework */ = {isa = PBXFileReference; explicitFileType = wrapper.framework; includeInIndex = 0; path = Pods_Boxing_247.framework; sourceTree = BUILT_PRODUCTS_DIR; };
/* End PBXFileReference section */

/* Begin PBXFrameworksBuildPhase section */
		0727823720E6FB520071D528 /* Frameworks */ = {
			isa = PBXFrameworksBuildPhase;
			buildActionMask = 2147483647;
			files = (
				7A6646AC0C87FDEAA07EE106 /* Pods_Boxing_247.framework in Frameworks */,
			);
			runOnlyForDeploymentPostprocessing = 0;
		};
		0727824B20E6FB520071D528 /* Frameworks */ = {
			isa = PBXFrameworksBuildPhase;
			buildActionMask = 2147483647;
			files = (
				2CFBC2AF4839E201B48998A1 /* Pods_Boxing_247Tests.framework in Frameworks */,
			);
			runOnlyForDeploymentPostprocessing = 0;
		};
		0727825620E6FB520071D528 /* Frameworks */ = {
			isa = PBXFrameworksBuildPhase;
			buildActionMask = 2147483647;
			files = (
				9F8029E8E36255C3D08D9FEE /* Pods_Boxing_247UITests.framework in Frameworks */,
			);
			runOnlyForDeploymentPostprocessing = 0;
		};
/* End PBXFrameworksBuildPhase section */

/* Begin PBXGroup section */
		071C378120EFEC63002CA348 /* View */ = {
			isa = PBXGroup;
			children = (
				07DE4CE7210883BF00730457 /* View Controllers */,
				07DE4CE8210883EF00730457 /* Custom View */,
			);
			path = View;
			sourceTree = "<group>";
		};
		071C378220EFEC7B002CA348 /* Model */ = {
			isa = PBXGroup;
			children = (
				071C377720EF39CA002CA348 /* Article.swift */,
			);
			path = Model;
			sourceTree = "<group>";
		};
		071C378320EFEC9F002CA348 /* View Model */ = {
			isa = PBXGroup;
			children = (
			);
			path = "View Model";
			sourceTree = "<group>";
		};
		071C378420EFECAF002CA348 /* Helpers  */ = {
			isa = PBXGroup;
			children = (
				07109E00226A02B40038A414 /* placeholder.jpg */,
				0727826B20E6FB6D0071D528 /* Git */,
				07DE4CE22107977F00730457 /* Extensions */,
				071C377B20EF7516002CA348 /* Bindable.swift */,
				07DE4CEB210B883900730457 /* Constants.swift */,
				077CE83020E8CD1A00462AED /* NavigationPanelVCDelegate.swift */,
			);
			path = "Helpers ";
			sourceTree = "<group>";
		};
		0727823120E6FB520071D528 = {
			isa = PBXGroup;
			children = (
				0727823C20E6FB520071D528 /* Boxing 247 */,
				0727825120E6FB520071D528 /* Boxing 247Tests */,
				0727825C20E6FB520071D528 /* Boxing 247UITests */,
				0727823B20E6FB520071D528 /* Products */,
				F97E53F1753CD0285F716AF2 /* Pods */,
				84AA9DC56DF6361B1EA30127 /* Frameworks */,
			);
			sourceTree = "<group>";
		};
		0727823B20E6FB520071D528 /* Products */ = {
			isa = PBXGroup;
			children = (
				0727823A20E6FB520071D528 /* Boxing 247.app */,
				0727824E20E6FB520071D528 /* Boxing 247Tests.xctest */,
				0727825920E6FB520071D528 /* Boxing 247UITests.xctest */,
			);
			name = Products;
			sourceTree = "<group>";
		};
		0727823C20E6FB520071D528 /* Boxing 247 */ = {
			isa = PBXGroup;
			children = (
				0727823D20E6FB520071D528 /* AppDelegate.swift */,
				071C378220EFEC7B002CA348 /* Model */,
				071C378120EFEC63002CA348 /* View */,
				071C378320EFEC9F002CA348 /* View Model */,
				07C9997A21974F1000E24E61 /* Network */,
				071C378420EFECAF002CA348 /* Helpers  */,
				0727824420E6FB520071D528 /* Assets.xcassets */,
				071B9F3B211A21D000EF6404 /* Logos.xcassets */,
				0727824120E6FB520071D528 /* Main.storyboard */,
				0727824620E6FB520071D528 /* LaunchScreen.storyboard */,
				0727824920E6FB520071D528 /* Info.plist */,
			);
			path = "Boxing 247";
			sourceTree = "<group>";
		};
		0727825120E6FB520071D528 /* Boxing 247Tests */ = {
			isa = PBXGroup;
			children = (
				0727825220E6FB520071D528 /* Boxing_247Tests.swift */,
				0727825420E6FB520071D528 /* Info.plist */,
			);
			path = "Boxing 247Tests";
			sourceTree = "<group>";
		};
		0727825C20E6FB520071D528 /* Boxing 247UITests */ = {
			isa = PBXGroup;
			children = (
				0727825D20E6FB520071D528 /* Boxing_247UITests.swift */,
				0727825F20E6FB520071D528 /* Info.plist */,
			);
			path = "Boxing 247UITests";
			sourceTree = "<group>";
		};
		0727826B20E6FB6D0071D528 /* Git */ = {
			isa = PBXGroup;
			children = (
				0727826C20E6FB9C0071D528 /* .gitignore */,
			);
			path = Git;
			sourceTree = "<group>";
		};
		07C999712197396900E24E61 /* ContainerVC */ = {
			isa = PBXGroup;
			children = (
				0727826E20E84C9D0071D528 /* ContainerVC.swift */,
				072B899E22592D8A00973942 /* 247ViewController.swift */,
			);
			path = ContainerVC;
			sourceTree = "<group>";
		};
		07C999722197399100E24E61 /* NewsFeedVC */ = {
			isa = PBXGroup;
			children = (
				0727823F20E6FB520071D528 /* NewsFeedVC.swift */,
				071C377920EF74E7002CA348 /* NewsFeedVM.swift */,
				071C377D20EF7C7E002CA348 /* NewsFeedCell.swift */,
				071C377F20EF82C8002CA348 /* NewsFeedCellVM.swift */,
				071B2BB62104712D0096A57C /* NewsFeedCell.xib */,
			);
			path = NewsFeedVC;
			sourceTree = "<group>";
		};
		07C99973219739C000E24E61 /* NavigationPanelVC */ = {
			isa = PBXGroup;
			children = (
				077CE82E20E8CC5C00462AED /* NavigationPanelVC.swift */,
				072B89A02259ED8700973942 /* NavigationPanelVM.swift */,
				071C378620F0020B002CA348 /* PanelCell.swift */,
			);
			path = NavigationPanelVC;
			sourceTree = "<group>";
		};
		07C99974219739E400E24E61 /* WeightDivisionVC */ = {
			isa = PBXGroup;
			children = (
				07F96273211316ED006E0010 /* WeightDivisionVC.swift */,
				071B9F3421189EE500EF6404 /* FederationCell.swift */,
				07C999762197404400E24E61 /* WeightDivisionCell.swift */,
				071B9F3021189E9C00EF6404 /* DivisionCell.swift */,
				071B9F3121189E9C00EF6404 /* DivisionCell.xib */,
				07C999772197404400E24E61 /* WeightDivisionCell.xib */,
				071B9F3521189EE500EF6404 /* FederationCell.xib */,
			);
			path = WeightDivisionVC;
			sourceTree = "<group>";
		};
		07C9997521973A0000E24E61 /* FighterVC */ = {
			isa = PBXGroup;
			children = (
				07208C9E211C3834009D9A5C /* FighterVC.swift */,
			);
			path = FighterVC;
			sourceTree = "<group>";
		};
		07C9997A21974F1000E24E61 /* Network */ = {
			isa = PBXGroup;
			children = (
				071C377520EF1AB5002CA348 /* AppServerClient.swift */,
			);
			path = Network;
			sourceTree = "<group>";
		};
		07DE4CE22107977F00730457 /* Extensions */ = {
			isa = PBXGroup;
			children = (
				07DE4CE32107979700730457 /* Date+TimeAgo.swift */,
				071B9F3D211A415100EF6404 /* UIImage+Blur.swift */,
			);
			path = Extensions;
			sourceTree = "<group>";
		};
		07DE4CE7210883BF00730457 /* View Controllers */ = {
			isa = PBXGroup;
			children = (
				07C999712197396900E24E61 /* ContainerVC */,
				07C999722197399100E24E61 /* NewsFeedVC */,
				07C99973219739C000E24E61 /* NavigationPanelVC */,
				07C9997521973A0000E24E61 /* FighterVC */,
				07C99974219739E400E24E61 /* WeightDivisionVC */,
			);
			path = "View Controllers";
			sourceTree = "<group>";
		};
		07DE4CE8210883EF00730457 /* Custom View */ = {
			isa = PBXGroup;
			children = (
				07DE4CE92108846700730457 /* RoundedUIView.swift */,
				071B9F2E21176E1800EF6404 /* CustomSegmentedControl.swift */,
			);
			path = "Custom View";
			sourceTree = "<group>";
		};
		84AA9DC56DF6361B1EA30127 /* Frameworks */ = {
			isa = PBXGroup;
			children = (
				EE7578F102F527955BD3063C /* Pods_Boxing_247.framework */,
				9CBED1198E9968A585BBE24B /* Pods_Boxing_247Tests.framework */,
				68F71B7ED58A081BD490D4CF /* Pods_Boxing_247UITests.framework */,
			);
			name = Frameworks;
			sourceTree = "<group>";
		};
		F97E53F1753CD0285F716AF2 /* Pods */ = {
			isa = PBXGroup;
			children = (
				BAC4A4151CAA5088C92E999B /* Pods-Boxing 247.debug.xcconfig */,
				2EE16E0F3F43C9587A4BBE1F /* Pods-Boxing 247.release.xcconfig */,
				CF091F5DFFECD056D4C6644D /* Pods-Boxing 247Tests.debug.xcconfig */,
				B0FECDE0CD3B8AE74ADFCB3A /* Pods-Boxing 247Tests.release.xcconfig */,
				2C716950DE0EAFD75088DE26 /* Pods-Boxing 247UITests.debug.xcconfig */,
				1420D11ACB3F09770796B01D /* Pods-Boxing 247UITests.release.xcconfig */,
			);
			name = Pods;
			sourceTree = "<group>";
		};
/* End PBXGroup section */

/* Begin PBXNativeTarget section */
		0727823920E6FB520071D528 /* Boxing 247 */ = {
			isa = PBXNativeTarget;
			buildConfigurationList = 0727826220E6FB520071D528 /* Build configuration list for PBXNativeTarget "Boxing 247" */;
			buildPhases = (
				FD2C9DD06CBDCF5ADE198F52 /* [CP] Check Pods Manifest.lock */,
				0727823620E6FB520071D528 /* Sources */,
				0727823720E6FB520071D528 /* Frameworks */,
				0727823820E6FB520071D528 /* Resources */,
				5A719F921CAB0687D30CA83A /* [CP] Embed Pods Frameworks */,
			);
			buildRules = (
			);
			dependencies = (
			);
			name = "Boxing 247";
			productName = "Boxing 247";
			productReference = 0727823A20E6FB520071D528 /* Boxing 247.app */;
			productType = "com.apple.product-type.application";
		};
		0727824D20E6FB520071D528 /* Boxing 247Tests */ = {
			isa = PBXNativeTarget;
			buildConfigurationList = 0727826520E6FB520071D528 /* Build configuration list for PBXNativeTarget "Boxing 247Tests" */;
			buildPhases = (
				812DC6A3A6FDCA138484735F /* [CP] Check Pods Manifest.lock */,
				0727824A20E6FB520071D528 /* Sources */,
				0727824B20E6FB520071D528 /* Frameworks */,
				0727824C20E6FB520071D528 /* Resources */,
			);
			buildRules = (
			);
			dependencies = (
				0727825020E6FB520071D528 /* PBXTargetDependency */,
			);
			name = "Boxing 247Tests";
			productName = "Boxing 247Tests";
			productReference = 0727824E20E6FB520071D528 /* Boxing 247Tests.xctest */;
			productType = "com.apple.product-type.bundle.unit-test";
		};
		0727825820E6FB520071D528 /* Boxing 247UITests */ = {
			isa = PBXNativeTarget;
			buildConfigurationList = 0727826820E6FB520071D528 /* Build configuration list for PBXNativeTarget "Boxing 247UITests" */;
			buildPhases = (
				157B9351045A75DF1CDD0A8D /* [CP] Check Pods Manifest.lock */,
				0727825520E6FB520071D528 /* Sources */,
				0727825620E6FB520071D528 /* Frameworks */,
				0727825720E6FB520071D528 /* Resources */,
			);
			buildRules = (
			);
			dependencies = (
				0727825B20E6FB520071D528 /* PBXTargetDependency */,
			);
			name = "Boxing 247UITests";
			productName = "Boxing 247UITests";
			productReference = 0727825920E6FB520071D528 /* Boxing 247UITests.xctest */;
			productType = "com.apple.product-type.bundle.ui-testing";
		};
/* End PBXNativeTarget section */

/* Begin PBXProject section */
		0727823220E6FB520071D528 /* Project object */ = {
			isa = PBXProject;
			attributes = {
				LastSwiftUpdateCheck = 0900;
				LastUpgradeCheck = 1000;
				ORGANIZATIONNAME = Omar;
				TargetAttributes = {
					0727823920E6FB520071D528 = {
						CreatedOnToolsVersion = 9.0;
						LastSwiftMigration = 1020;
						ProvisioningStyle = Automatic;
					};
					0727824D20E6FB520071D528 = {
						CreatedOnToolsVersion = 9.0;
						LastSwiftMigration = 1020;
						ProvisioningStyle = Automatic;
						TestTargetID = 0727823920E6FB520071D528;
					};
					0727825820E6FB520071D528 = {
						CreatedOnToolsVersion = 9.0;
						LastSwiftMigration = 1020;
						ProvisioningStyle = Automatic;
						TestTargetID = 0727823920E6FB520071D528;
					};
				};
			};
			buildConfigurationList = 0727823520E6FB520071D528 /* Build configuration list for PBXProject "Boxing 247" */;
			compatibilityVersion = "Xcode 8.0";
			developmentRegion = en;
			hasScannedForEncodings = 0;
			knownRegions = (
				en,
				Base,
			);
			mainGroup = 0727823120E6FB520071D528;
			productRefGroup = 0727823B20E6FB520071D528 /* Products */;
			projectDirPath = "";
			projectRoot = "";
			targets = (
				0727823920E6FB520071D528 /* Boxing 247 */,
				0727824D20E6FB520071D528 /* Boxing 247Tests */,
				0727825820E6FB520071D528 /* Boxing 247UITests */,
			);
		};
/* End PBXProject section */

/* Begin PBXResourcesBuildPhase section */
		0727823820E6FB520071D528 /* Resources */ = {
			isa = PBXResourcesBuildPhase;
			buildActionMask = 2147483647;
			files = (
				0727826D20E6FB9C0071D528 /* .gitignore in Resources */,
				071B2BB72104712D0096A57C /* NewsFeedCell.xib in Resources */,
				0727824820E6FB520071D528 /* LaunchScreen.storyboard in Resources */,
				07109E01226A02B40038A414 /* placeholder.jpg in Resources */,
				071B9F3721189EE500EF6404 /* FederationCell.xib in Resources */,
				071B9F3321189E9C00EF6404 /* DivisionCell.xib in Resources */,
				0727824520E6FB520071D528 /* Assets.xcassets in Resources */,
				071B9F3C211A21D000EF6404 /* Logos.xcassets in Resources */,
				0727824320E6FB520071D528 /* Main.storyboard in Resources */,
				07C999792197404400E24E61 /* WeightDivisionCell.xib in Resources */,
			);
			runOnlyForDeploymentPostprocessing = 0;
		};
		0727824C20E6FB520071D528 /* Resources */ = {
			isa = PBXResourcesBuildPhase;
			buildActionMask = 2147483647;
			files = (
			);
			runOnlyForDeploymentPostprocessing = 0;
		};
		0727825720E6FB520071D528 /* Resources */ = {
			isa = PBXResourcesBuildPhase;
			buildActionMask = 2147483647;
			files = (
			);
			runOnlyForDeploymentPostprocessing = 0;
		};
/* End PBXResourcesBuildPhase section */

/* Begin PBXShellScriptBuildPhase section */
		157B9351045A75DF1CDD0A8D /* [CP] Check Pods Manifest.lock */ = {
			isa = PBXShellScriptBuildPhase;
			buildActionMask = 2147483647;
			files = (
			);
			inputPaths = (
				"${PODS_PODFILE_DIR_PATH}/Podfile.lock",
				"${PODS_ROOT}/Manifest.lock",
			);
			name = "[CP] Check Pods Manifest.lock";
			outputPaths = (
				"$(DERIVED_FILE_DIR)/Pods-Boxing 247UITests-checkManifestLockResult.txt",
			);
			runOnlyForDeploymentPostprocessing = 0;
			shellPath = /bin/sh;
			shellScript = "diff \"${PODS_PODFILE_DIR_PATH}/Podfile.lock\" \"${PODS_ROOT}/Manifest.lock\" > /dev/null\nif [ $? != 0 ] ; then\n    # print error to STDERR\n    echo \"error: The sandbox is not in sync with the Podfile.lock. Run 'pod install' or update your CocoaPods installation.\" >&2\n    exit 1\nfi\n# This output is used by Xcode 'outputs' to avoid re-running this script phase.\necho \"SUCCESS\" > \"${SCRIPT_OUTPUT_FILE_0}\"\n";
			showEnvVarsInLog = 0;
		};
		5A719F921CAB0687D30CA83A /* [CP] Embed Pods Frameworks */ = {
			isa = PBXShellScriptBuildPhase;
			buildActionMask = 2147483647;
			files = (
			);
			inputPaths = (
				"${SRCROOT}/Pods/Target Support Files/Pods-Boxing 247/Pods-Boxing 247-frameworks.sh",
				"${BUILT_PRODUCTS_DIR}/Alamofire/Alamofire.framework",
				"${BUILT_PRODUCTS_DIR}/SwiftyJSON/SwiftyJSON.framework",
			);
			name = "[CP] Embed Pods Frameworks";
			outputPaths = (
				"${TARGET_BUILD_DIR}/${FRAMEWORKS_FOLDER_PATH}/Alamofire.framework",
				"${TARGET_BUILD_DIR}/${FRAMEWORKS_FOLDER_PATH}/SwiftyJSON.framework",
			);
			runOnlyForDeploymentPostprocessing = 0;
			shellPath = /bin/sh;
			shellScript = "\"${SRCROOT}/Pods/Target Support Files/Pods-Boxing 247/Pods-Boxing 247-frameworks.sh\"\n";
			showEnvVarsInLog = 0;
		};
		812DC6A3A6FDCA138484735F /* [CP] Check Pods Manifest.lock */ = {
			isa = PBXShellScriptBuildPhase;
			buildActionMask = 2147483647;
			files = (
			);
			inputPaths = (
				"${PODS_PODFILE_DIR_PATH}/Podfile.lock",
				"${PODS_ROOT}/Manifest.lock",
			);
			name = "[CP] Check Pods Manifest.lock";
			outputPaths = (
				"$(DERIVED_FILE_DIR)/Pods-Boxing 247Tests-checkManifestLockResult.txt",
			);
			runOnlyForDeploymentPostprocessing = 0;
			shellPath = /bin/sh;
			shellScript = "diff \"${PODS_PODFILE_DIR_PATH}/Podfile.lock\" \"${PODS_ROOT}/Manifest.lock\" > /dev/null\nif [ $? != 0 ] ; then\n    # print error to STDERR\n    echo \"error: The sandbox is not in sync with the Podfile.lock. Run 'pod install' or update your CocoaPods installation.\" >&2\n    exit 1\nfi\n# This output is used by Xcode 'outputs' to avoid re-running this script phase.\necho \"SUCCESS\" > \"${SCRIPT_OUTPUT_FILE_0}\"\n";
			showEnvVarsInLog = 0;
		};
		FD2C9DD06CBDCF5ADE198F52 /* [CP] Check Pods Manifest.lock */ = {
			isa = PBXShellScriptBuildPhase;
			buildActionMask = 2147483647;
			files = (
			);
			inputPaths = (
				"${PODS_PODFILE_DIR_PATH}/Podfile.lock",
				"${PODS_ROOT}/Manifest.lock",
			);
			name = "[CP] Check Pods Manifest.lock";
			outputPaths = (
				"$(DERIVED_FILE_DIR)/Pods-Boxing 247-checkManifestLockResult.txt",
			);
			runOnlyForDeploymentPostprocessing = 0;
			shellPath = /bin/sh;
			shellScript = "diff \"${PODS_PODFILE_DIR_PATH}/Podfile.lock\" \"${PODS_ROOT}/Manifest.lock\" > /dev/null\nif [ $? != 0 ] ; then\n    # print error to STDERR\n    echo \"error: The sandbox is not in sync with the Podfile.lock. Run 'pod install' or update your CocoaPods installation.\" >&2\n    exit 1\nfi\n# This output is used by Xcode 'outputs' to avoid re-running this script phase.\necho \"SUCCESS\" > \"${SCRIPT_OUTPUT_FILE_0}\"\n";
			showEnvVarsInLog = 0;
		};
/* End PBXShellScriptBuildPhase section */

/* Begin PBXSourcesBuildPhase section */
		0727823620E6FB520071D528 /* Sources */ = {
			isa = PBXSourcesBuildPhase;
			buildActionMask = 2147483647;
			files = (
				071C377E20EF7C7E002CA348 /* NewsFeedCell.swift in Sources */,
				071B9F3E211A415100EF6404 /* UIImage+Blur.swift in Sources */,
				071B9F2F21176E1800EF6404 /* CustomSegmentedControl.swift in Sources */,
				071C377820EF39CA002CA348 /* Article.swift in Sources */,
				071C378720F0020B002CA348 /* PanelCell.swift in Sources */,
				0727826F20E84C9D0071D528 /* ContainerVC.swift in Sources */,
				07C999782197404400E24E61 /* WeightDivisionCell.swift in Sources */,
				071B9F3621189EE500EF6404 /* FederationCell.swift in Sources */,
				0727824020E6FB520071D528 /* NewsFeedVC.swift in Sources */,
				07208C9F211C3834009D9A5C /* FighterVC.swift in Sources */,
				0727823E20E6FB520071D528 /* AppDelegate.swift in Sources */,
				07DE4CEA2108846700730457 /* RoundedUIView.swift in Sources */,
				077CE83120E8CD1A00462AED /* NavigationPanelVCDelegate.swift in Sources */,
				072B89A12259ED8700973942 /* NavigationPanelVM.swift in Sources */,
				077CE82F20E8CC5C00462AED /* NavigationPanelVC.swift in Sources */,
				071C377620EF1AB5002CA348 /* AppServerClient.swift in Sources */,
				071C378020EF82C8002CA348 /* NewsFeedCellVM.swift in Sources */,
				07DE4CE42107979700730457 /* Date+TimeAgo.swift in Sources */,
				071C377A20EF74E7002CA348 /* NewsFeedVM.swift in Sources */,
				071C377C20EF7516002CA348 /* Bindable.swift in Sources */,
				07DE4CEC210B883900730457 /* Constants.swift in Sources */,
				071B9F3221189E9C00EF6404 /* DivisionCell.swift in Sources */,
				07F96274211316ED006E0010 /* WeightDivisionVC.swift in Sources */,
				072B899F22592D8A00973942 /* 247ViewController.swift in Sources */,
			);
			runOnlyForDeploymentPostprocessing = 0;
		};
		0727824A20E6FB520071D528 /* Sources */ = {
			isa = PBXSourcesBuildPhase;
			buildActionMask = 2147483647;
			files = (
				0727825320E6FB520071D528 /* Boxing_247Tests.swift in Sources */,
			);
			runOnlyForDeploymentPostprocessing = 0;
		};
		0727825520E6FB520071D528 /* Sources */ = {
			isa = PBXSourcesBuildPhase;
			buildActionMask = 2147483647;
			files = (
				0727825E20E6FB520071D528 /* Boxing_247UITests.swift in Sources */,
			);
			runOnlyForDeploymentPostprocessing = 0;
		};
/* End PBXSourcesBuildPhase section */

/* Begin PBXTargetDependency section */
		0727825020E6FB520071D528 /* PBXTargetDependency */ = {
			isa = PBXTargetDependency;
			target = 0727823920E6FB520071D528 /* Boxing 247 */;
			targetProxy = 0727824F20E6FB520071D528 /* PBXContainerItemProxy */;
		};
		0727825B20E6FB520071D528 /* PBXTargetDependency */ = {
			isa = PBXTargetDependency;
			target = 0727823920E6FB520071D528 /* Boxing 247 */;
			targetProxy = 0727825A20E6FB520071D528 /* PBXContainerItemProxy */;
		};
/* End PBXTargetDependency section */

/* Begin PBXVariantGroup section */
		0727824120E6FB520071D528 /* Main.storyboard */ = {
			isa = PBXVariantGroup;
			children = (
				0727824220E6FB520071D528 /* Base */,
			);
			name = Main.storyboard;
			sourceTree = "<group>";
		};
		0727824620E6FB520071D528 /* LaunchScreen.storyboard */ = {
			isa = PBXVariantGroup;
			children = (
				0727824720E6FB520071D528 /* Base */,
			);
			name = LaunchScreen.storyboard;
			sourceTree = "<group>";
		};
/* End PBXVariantGroup section */

/* Begin XCBuildConfiguration section */
		0727826020E6FB520071D528 /* Debug */ = {
			isa = XCBuildConfiguration;
			buildSettings = {
				ALWAYS_SEARCH_USER_PATHS = NO;
				CLANG_ANALYZER_NONNULL = YES;
				CLANG_ANALYZER_NUMBER_OBJECT_CONVERSION = YES_AGGRESSIVE;
				CLANG_CXX_LANGUAGE_STANDARD = "gnu++14";
				CLANG_CXX_LIBRARY = "libc++";
				CLANG_ENABLE_MODULES = YES;
				CLANG_ENABLE_OBJC_ARC = YES;
				CLANG_WARN_BLOCK_CAPTURE_AUTORELEASING = YES;
				CLANG_WARN_BOOL_CONVERSION = YES;
				CLANG_WARN_COMMA = YES;
				CLANG_WARN_CONSTANT_CONVERSION = YES;
				CLANG_WARN_DEPRECATED_OBJC_IMPLEMENTATIONS = YES;
				CLANG_WARN_DIRECT_OBJC_ISA_USAGE = YES_ERROR;
				CLANG_WARN_DOCUMENTATION_COMMENTS = YES;
				CLANG_WARN_EMPTY_BODY = YES;
				CLANG_WARN_ENUM_CONVERSION = YES;
				CLANG_WARN_INFINITE_RECURSION = YES;
				CLANG_WARN_INT_CONVERSION = YES;
				CLANG_WARN_NON_LITERAL_NULL_CONVERSION = YES;
				CLANG_WARN_OBJC_IMPLICIT_RETAIN_SELF = YES;
				CLANG_WARN_OBJC_LITERAL_CONVERSION = YES;
				CLANG_WARN_OBJC_ROOT_CLASS = YES_ERROR;
				CLANG_WARN_RANGE_LOOP_ANALYSIS = YES;
				CLANG_WARN_STRICT_PROTOTYPES = YES;
				CLANG_WARN_SUSPICIOUS_MOVE = YES;
				CLANG_WARN_UNGUARDED_AVAILABILITY = YES_AGGRESSIVE;
				CLANG_WARN_UNREACHABLE_CODE = YES;
				CLANG_WARN__DUPLICATE_METHOD_MATCH = YES;
				CODE_SIGN_IDENTITY = "iPhone Developer";
				COPY_PHASE_STRIP = NO;
				DEBUG_INFORMATION_FORMAT = dwarf;
				ENABLE_STRICT_OBJC_MSGSEND = YES;
				ENABLE_TESTABILITY = YES;
				GCC_C_LANGUAGE_STANDARD = gnu11;
				GCC_DYNAMIC_NO_PIC = NO;
				GCC_NO_COMMON_BLOCKS = YES;
				GCC_OPTIMIZATION_LEVEL = 0;
				GCC_PREPROCESSOR_DEFINITIONS = (
					"DEBUG=1",
					"$(inherited)",
				);
				GCC_WARN_64_TO_32_BIT_CONVERSION = YES;
				GCC_WARN_ABOUT_RETURN_TYPE = YES_ERROR;
				GCC_WARN_UNDECLARED_SELECTOR = YES;
				GCC_WARN_UNINITIALIZED_AUTOS = YES_AGGRESSIVE;
				GCC_WARN_UNUSED_FUNCTION = YES;
				GCC_WARN_UNUSED_VARIABLE = YES;
				IPHONEOS_DEPLOYMENT_TARGET = 12.0;
				MTL_ENABLE_DEBUG_INFO = YES;
				ONLY_ACTIVE_ARCH = YES;
				SDKROOT = iphoneos;
				SWIFT_ACTIVE_COMPILATION_CONDITIONS = DEBUG;
				SWIFT_OPTIMIZATION_LEVEL = "-Onone";
			};
			name = Debug;
		};
		0727826120E6FB520071D528 /* Release */ = {
			isa = XCBuildConfiguration;
			buildSettings = {
				ALWAYS_SEARCH_USER_PATHS = NO;
				CLANG_ANALYZER_NONNULL = YES;
				CLANG_ANALYZER_NUMBER_OBJECT_CONVERSION = YES_AGGRESSIVE;
				CLANG_CXX_LANGUAGE_STANDARD = "gnu++14";
				CLANG_CXX_LIBRARY = "libc++";
				CLANG_ENABLE_MODULES = YES;
				CLANG_ENABLE_OBJC_ARC = YES;
				CLANG_WARN_BLOCK_CAPTURE_AUTORELEASING = YES;
				CLANG_WARN_BOOL_CONVERSION = YES;
				CLANG_WARN_COMMA = YES;
				CLANG_WARN_CONSTANT_CONVERSION = YES;
				CLANG_WARN_DEPRECATED_OBJC_IMPLEMENTATIONS = YES;
				CLANG_WARN_DIRECT_OBJC_ISA_USAGE = YES_ERROR;
				CLANG_WARN_DOCUMENTATION_COMMENTS = YES;
				CLANG_WARN_EMPTY_BODY = YES;
				CLANG_WARN_ENUM_CONVERSION = YES;
				CLANG_WARN_INFINITE_RECURSION = YES;
				CLANG_WARN_INT_CONVERSION = YES;
				CLANG_WARN_NON_LITERAL_NULL_CONVERSION = YES;
				CLANG_WARN_OBJC_IMPLICIT_RETAIN_SELF = YES;
				CLANG_WARN_OBJC_LITERAL_CONVERSION = YES;
				CLANG_WARN_OBJC_ROOT_CLASS = YES_ERROR;
				CLANG_WARN_RANGE_LOOP_ANALYSIS = YES;
				CLANG_WARN_STRICT_PROTOTYPES = YES;
				CLANG_WARN_SUSPICIOUS_MOVE = YES;
				CLANG_WARN_UNGUARDED_AVAILABILITY = YES_AGGRESSIVE;
				CLANG_WARN_UNREACHABLE_CODE = YES;
				CLANG_WARN__DUPLICATE_METHOD_MATCH = YES;
				CODE_SIGN_IDENTITY = "iPhone Developer";
				COPY_PHASE_STRIP = NO;
				DEBUG_INFORMATION_FORMAT = "dwarf-with-dsym";
				ENABLE_NS_ASSERTIONS = NO;
				ENABLE_STRICT_OBJC_MSGSEND = YES;
				GCC_C_LANGUAGE_STANDARD = gnu11;
				GCC_NO_COMMON_BLOCKS = YES;
				GCC_WARN_64_TO_32_BIT_CONVERSION = YES;
				GCC_WARN_ABOUT_RETURN_TYPE = YES_ERROR;
				GCC_WARN_UNDECLARED_SELECTOR = YES;
				GCC_WARN_UNINITIALIZED_AUTOS = YES_AGGRESSIVE;
				GCC_WARN_UNUSED_FUNCTION = YES;
				GCC_WARN_UNUSED_VARIABLE = YES;
				IPHONEOS_DEPLOYMENT_TARGET = 12.0;
				MTL_ENABLE_DEBUG_INFO = NO;
				SDKROOT = iphoneos;
				SWIFT_OPTIMIZATION_LEVEL = "-Owholemodule";
				VALIDATE_PRODUCT = YES;
			};
			name = Release;
		};
		0727826320E6FB520071D528 /* Debug */ = {
			isa = XCBuildConfiguration;
			baseConfigurationReference = BAC4A4151CAA5088C92E999B /* Pods-Boxing 247.debug.xcconfig */;
			buildSettings = {
				ASSETCATALOG_COMPILER_APPICON_NAME = AppIcon;
				CODE_SIGN_STYLE = Automatic;
				DEVELOPMENT_TEAM = 666EPUUFJ9;
				INFOPLIST_FILE = "Boxing 247/Info.plist";
				IPHONEOS_DEPLOYMENT_TARGET = 12.0;
				LD_RUNPATH_SEARCH_PATHS = "$(inherited) @executable_path/Frameworks";
				PRODUCT_BUNDLE_IDENTIFIER = "com.TAE.Boxing-247";
				PRODUCT_NAME = "$(TARGET_NAME)";
				SWIFT_VERSION = 5.0;
				TARGETED_DEVICE_FAMILY = "1,2";
			};
			name = Debug;
		};
		0727826420E6FB520071D528 /* Release */ = {
			isa = XCBuildConfiguration;
			baseConfigurationReference = 2EE16E0F3F43C9587A4BBE1F /* Pods-Boxing 247.release.xcconfig */;
			buildSettings = {
				ASSETCATALOG_COMPILER_APPICON_NAME = AppIcon;
				CODE_SIGN_STYLE = Automatic;
				DEVELOPMENT_TEAM = 666EPUUFJ9;
				INFOPLIST_FILE = "Boxing 247/Info.plist";
				IPHONEOS_DEPLOYMENT_TARGET = 12.0;
				LD_RUNPATH_SEARCH_PATHS = "$(inherited) @executable_path/Frameworks";
				PRODUCT_BUNDLE_IDENTIFIER = "com.TAE.Boxing-247";
				PRODUCT_NAME = "$(TARGET_NAME)";
				SWIFT_VERSION = 5.0;
				TARGETED_DEVICE_FAMILY = "1,2";
			};
			name = Release;
		};
		0727826620E6FB520071D528 /* Debug */ = {
			isa = XCBuildConfiguration;
			baseConfigurationReference = CF091F5DFFECD056D4C6644D /* Pods-Boxing 247Tests.debug.xcconfig */;
			buildSettings = {
				ALWAYS_EMBED_SWIFT_STANDARD_LIBRARIES = YES;
				BUNDLE_LOADER = "$(TEST_HOST)";
				CODE_SIGN_STYLE = Automatic;
				DEVELOPMENT_TEAM = 666EPUUFJ9;
				INFOPLIST_FILE = "Boxing 247Tests/Info.plist";
				LD_RUNPATH_SEARCH_PATHS = "$(inherited) @executable_path/Frameworks @loader_path/Frameworks";
				PRODUCT_BUNDLE_IDENTIFIER = "com.TAE.Boxing-247Tests";
				PRODUCT_NAME = "$(TARGET_NAME)";
				SWIFT_VERSION = 5.0;
				TARGETED_DEVICE_FAMILY = "1,2";
				TEST_HOST = "$(BUILT_PRODUCTS_DIR)/Boxing 247.app/Boxing 247";
			};
			name = Debug;
		};
		0727826720E6FB520071D528 /* Release */ = {
			isa = XCBuildConfiguration;
			baseConfigurationReference = B0FECDE0CD3B8AE74ADFCB3A /* Pods-Boxing 247Tests.release.xcconfig */;
			buildSettings = {
				ALWAYS_EMBED_SWIFT_STANDARD_LIBRARIES = YES;
				BUNDLE_LOADER = "$(TEST_HOST)";
				CODE_SIGN_STYLE = Automatic;
				DEVELOPMENT_TEAM = 666EPUUFJ9;
				INFOPLIST_FILE = "Boxing 247Tests/Info.plist";
				LD_RUNPATH_SEARCH_PATHS = "$(inherited) @executable_path/Frameworks @loader_path/Frameworks";
				PRODUCT_BUNDLE_IDENTIFIER = "com.TAE.Boxing-247Tests";
				PRODUCT_NAME = "$(TARGET_NAME)";
				SWIFT_VERSION = 5.0;
				TARGETED_DEVICE_FAMILY = "1,2";
				TEST_HOST = "$(BUILT_PRODUCTS_DIR)/Boxing 247.app/Boxing 247";
			};
			name = Release;
		};
		0727826920E6FB520071D528 /* Debug */ = {
			isa = XCBuildConfiguration;
			baseConfigurationReference = 2C716950DE0EAFD75088DE26 /* Pods-Boxing 247UITests.debug.xcconfig */;
			buildSettings = {
				ALWAYS_EMBED_SWIFT_STANDARD_LIBRARIES = YES;
				CODE_SIGN_STYLE = Automatic;
				DEVELOPMENT_TEAM = 666EPUUFJ9;
				INFOPLIST_FILE = "Boxing 247UITests/Info.plist";
				LD_RUNPATH_SEARCH_PATHS = "$(inherited) @executable_path/Frameworks @loader_path/Frameworks";
				PRODUCT_BUNDLE_IDENTIFIER = "com.TAE.Boxing-247UITests";
				PRODUCT_NAME = "$(TARGET_NAME)";
				SWIFT_VERSION = 5.0;
				TARGETED_DEVICE_FAMILY = "1,2";
				TEST_TARGET_NAME = "Boxing 247";
			};
			name = Debug;
		};
		0727826A20E6FB520071D528 /* Release */ = {
			isa = XCBuildConfiguration;
			baseConfigurationReference = 1420D11ACB3F09770796B01D /* Pods-Boxing 247UITests.release.xcconfig */;
			buildSettings = {
				ALWAYS_EMBED_SWIFT_STANDARD_LIBRARIES = YES;
				CODE_SIGN_STYLE = Automatic;
				DEVELOPMENT_TEAM = 666EPUUFJ9;
				INFOPLIST_FILE = "Boxing 247UITests/Info.plist";
				LD_RUNPATH_SEARCH_PATHS = "$(inherited) @executable_path/Frameworks @loader_path/Frameworks";
				PRODUCT_BUNDLE_IDENTIFIER = "com.TAE.Boxing-247UITests";
				PRODUCT_NAME = "$(TARGET_NAME)";
				SWIFT_VERSION = 5.0;
				TARGETED_DEVICE_FAMILY = "1,2";
				TEST_TARGET_NAME = "Boxing 247";
			};
			name = Release;
		};
/* End XCBuildConfiguration section */

/* Begin XCConfigurationList section */
		0727823520E6FB520071D528 /* Build configuration list for PBXProject "Boxing 247" */ = {
			isa = XCConfigurationList;
			buildConfigurations = (
				0727826020E6FB520071D528 /* Debug */,
				0727826120E6FB520071D528 /* Release */,
			);
			defaultConfigurationIsVisible = 0;
			defaultConfigurationName = Release;
		};
		0727826220E6FB520071D528 /* Build configuration list for PBXNativeTarget "Boxing 247" */ = {
			isa = XCConfigurationList;
			buildConfigurations = (
				0727826320E6FB520071D528 /* Debug */,
				0727826420E6FB520071D528 /* Release */,
			);
			defaultConfigurationIsVisible = 0;
			defaultConfigurationName = Release;
		};
		0727826520E6FB520071D528 /* Build configuration list for PBXNativeTarget "Boxing 247Tests" */ = {
			isa = XCConfigurationList;
			buildConfigurations = (
				0727826620E6FB520071D528 /* Debug */,
				0727826720E6FB520071D528 /* Release */,
			);
			defaultConfigurationIsVisible = 0;
			defaultConfigurationName = Release;
		};
		0727826820E6FB520071D528 /* Build configuration list for PBXNativeTarget "Boxing 247UITests" */ = {
			isa = XCConfigurationList;
			buildConfigurations = (
				0727826920E6FB520071D528 /* Debug */,
				0727826A20E6FB520071D528 /* Release */,
			);
			defaultConfigurationIsVisible = 0;
			defaultConfigurationName = Release;
		};
/* End XCConfigurationList section */
	};
	rootObject = 0727823220E6FB520071D528 /* Project object */;
}
